
Microsoft Visual Studio Solution File, Format Version 12.00
# Visual Studio Version 16
VisualStudioVersion = 16.0.30804.86
MinimumVisualStudioVersion = 10.0.40219.1
Project("{9A19103F-16F7-4668-BE54-9A1E7A4F7556}") = "TNBase", "TNBase\TNBase.csproj", "{CAA1C567-2970-437F-9CF2-A50677AA2F21}"
EndProject
Project("{9A19103F-16F7-4668-BE54-9A1E7A4F7556}") = "TNBase.DataStorage", "TNBase.DataStorage\TNBase.DataStorage.csproj", "{1B25649F-1CE3-4764-92DE-73E2EFCE8789}"
EndProject
Project("{9A19103F-16F7-4668-BE54-9A1E7A4F7556}") = "TNBase.Objects", "TNBase.Objects\TNBase.Objects.csproj", "{3ABEC2D1-048C-4FAD-A649-C686A2E91C82}"
EndProject
Project("{9A19103F-16F7-4668-BE54-9A1E7A4F7556}") = "TNBase.DataStorage.Test", "TNBase.DataStorage.Test\TNBase.DataStorage.Test.csproj", "{A04F15CC-4CB4-4D66-97FF-5FDF0D99D16E}"
EndProject
Project("{9A19103F-16F7-4668-BE54-9A1E7A4F7556}") = "TNBase.Objects.Test", "TNBase.Objects.Test\TNBase.Objects.Test.csproj", "{FC7B620D-FAD7-492E-9879-6138A8E1836F}"
EndProject
Project("{9A19103F-16F7-4668-BE54-9A1E7A4F7556}") = "TNBase.Test", "TNBase.Test\TNBase.Test.csproj", "{00008951-7EE7-42A6-BCA4-78A676FE8668}"
EndProject
Project("{2150E333-8FDC-42A3-9474-1A3956D46DE8}") = "Solution Items", "Solution Items", "{6783E69C-32D4-46C6-9C1C-99F06003FF5E}"
	ProjectSection(SolutionItems) = preProject
		Docs\DevNotes.md = Docs\DevNotes.md
		Docs\FixesAndChanges.md = Docs\FixesAndChanges.md
		Notes.txt = Notes.txt
		Readme.md = Readme.md
	EndProjectSection
EndProject
Project("{9A19103F-16F7-4668-BE54-9A1E7A4F7556}") = "TNBase.Infrastructure", "TNBase.Infrastructure\TNBase.Infrastructure.csproj", "{68828006-18C6-4F24-AD61-5350C524C093}"
EndProject
Project("{9A19103F-16F7-4668-BE54-9A1E7A4F7556}") = "TNBase.Repository", "TNBase.Repository\TNBase.Repository.csproj", "{6C10F681-0C55-459B-A800-298BBEEF0139}"
EndProject
Project("{9A19103F-16F7-4668-BE54-9A1E7A4F7556}") = "TNBase.Repository.UnitTests", "TNBase.Repository.UnitTests\TNBase.Repository.UnitTests.csproj", "{53541575-8084-4F63-A93B-595493A2C115}"
EndProject
Project("{54435603-DBB4-11D2-8724-00A0C9A8B90C}") = "TNBase.Setup", "TNBase.Setup\TNBase.Setup.vdproj", "{C8C2837C-F9B9-4427-B838-D7EEADA44CAF}"
EndProject
Global
	GlobalSection(SolutionConfigurationPlatforms) = preSolution
		Debug|Any CPU = Debug|Any CPU
		Debug|x86 = Debug|x86
		Release|Any CPU = Release|Any CPU
		Release|x86 = Release|x86
	EndGlobalSection
	GlobalSection(ProjectConfigurationPlatforms) = postSolution
		{CAA1C567-2970-437F-9CF2-A50677AA2F21}.Debug|Any CPU.ActiveCfg = Debug|Any CPU
		{CAA1C567-2970-437F-9CF2-A50677AA2F21}.Debug|Any CPU.Build.0 = Debug|Any CPU
		{CAA1C567-2970-437F-9CF2-A50677AA2F21}.Debug|x86.ActiveCfg = Debug|x86
		{CAA1C567-2970-437F-9CF2-A50677AA2F21}.Debug|x86.Build.0 = Debug|x86
		{CAA1C567-2970-437F-9CF2-A50677AA2F21}.Release|Any CPU.ActiveCfg = Release|Any CPU
		{CAA1C567-2970-437F-9CF2-A50677AA2F21}.Release|Any CPU.Build.0 = Release|Any CPU
		{CAA1C567-2970-437F-9CF2-A50677AA2F21}.Release|x86.ActiveCfg = Release|x86
		{CAA1C567-2970-437F-9CF2-A50677AA2F21}.Release|x86.Build.0 = Release|x86
		{1B25649F-1CE3-4764-92DE-73E2EFCE8789}.Debug|Any CPU.ActiveCfg = Debug|Any CPU
		{1B25649F-1CE3-4764-92DE-73E2EFCE8789}.Debug|Any CPU.Build.0 = Debug|Any CPU
		{1B25649F-1CE3-4764-92DE-73E2EFCE8789}.Debug|x86.ActiveCfg = Debug|Any CPU
		{1B25649F-1CE3-4764-92DE-73E2EFCE8789}.Release|Any CPU.ActiveCfg = Release|Any CPU
		{1B25649F-1CE3-4764-92DE-73E2EFCE8789}.Release|Any CPU.Build.0 = Release|Any CPU
		{1B25649F-1CE3-4764-92DE-73E2EFCE8789}.Release|x86.ActiveCfg = Release|Any CPU
		{3ABEC2D1-048C-4FAD-A649-C686A2E91C82}.Debug|Any CPU.ActiveCfg = Debug|Any CPU
		{3ABEC2D1-048C-4FAD-A649-C686A2E91C82}.Debug|Any CPU.Build.0 = Debug|Any CPU
		{3ABEC2D1-048C-4FAD-A649-C686A2E91C82}.Debug|x86.ActiveCfg = Debug|Any CPU
		{3ABEC2D1-048C-4FAD-A649-C686A2E91C82}.Release|Any CPU.ActiveCfg = Release|Any CPU
		{3ABEC2D1-048C-4FAD-A649-C686A2E91C82}.Release|Any CPU.Build.0 = Release|Any CPU
		{3ABEC2D1-048C-4FAD-A649-C686A2E91C82}.Release|x86.ActiveCfg = Release|Any CPU
		{A04F15CC-4CB4-4D66-97FF-5FDF0D99D16E}.Debug|Any CPU.ActiveCfg = Debug|Any CPU
		{A04F15CC-4CB4-4D66-97FF-5FDF0D99D16E}.Debug|Any CPU.Build.0 = Debug|Any CPU
		{A04F15CC-4CB4-4D66-97FF-5FDF0D99D16E}.Debug|x86.ActiveCfg = Debug|Any CPU
		{A04F15CC-4CB4-4D66-97FF-5FDF0D99D16E}.Release|Any CPU.ActiveCfg = Release|Any CPU
		{A04F15CC-4CB4-4D66-97FF-5FDF0D99D16E}.Release|Any CPU.Build.0 = Release|Any CPU
		{A04F15CC-4CB4-4D66-97FF-5FDF0D99D16E}.Release|x86.ActiveCfg = Release|Any CPU
		{FC7B620D-FAD7-492E-9879-6138A8E1836F}.Debug|Any CPU.ActiveCfg = Debug|Any CPU
		{FC7B620D-FAD7-492E-9879-6138A8E1836F}.Debug|Any CPU.Build.0 = Debug|Any CPU
		{FC7B620D-FAD7-492E-9879-6138A8E1836F}.Debug|x86.ActiveCfg = Debug|Any CPU
		{FC7B620D-FAD7-492E-9879-6138A8E1836F}.Release|Any CPU.ActiveCfg = Release|Any CPU
		{FC7B620D-FAD7-492E-9879-6138A8E1836F}.Release|Any CPU.Build.0 = Release|Any CPU
		{FC7B620D-FAD7-492E-9879-6138A8E1836F}.Release|x86.ActiveCfg = Release|Any CPU
		{00008951-7EE7-42A6-BCA4-78A676FE8668}.Debug|Any CPU.ActiveCfg = Debug|Any CPU
		{00008951-7EE7-42A6-BCA4-78A676FE8668}.Debug|Any CPU.Build.0 = Debug|Any CPU
		{00008951-7EE7-42A6-BCA4-78A676FE8668}.Debug|x86.ActiveCfg = Debug|Any CPU
		{00008951-7EE7-42A6-BCA4-78A676FE8668}.Release|Any CPU.ActiveCfg = Release|Any CPU
		{00008951-7EE7-42A6-BCA4-78A676FE8668}.Release|Any CPU.Build.0 = Release|Any CPU
		{00008951-7EE7-42A6-BCA4-78A676FE8668}.Release|x86.ActiveCfg = Release|Any CPU
		{68828006-18C6-4F24-AD61-5350C524C093}.Debug|Any CPU.ActiveCfg = Debug|Any CPU
		{68828006-18C6-4F24-AD61-5350C524C093}.Debug|Any CPU.Build.0 = Debug|Any CPU
		{68828006-18C6-4F24-AD61-5350C524C093}.Debug|x86.ActiveCfg = Debug|Any CPU
		{68828006-18C6-4F24-AD61-5350C524C093}.Debug|x86.Build.0 = Debug|Any CPU
		{68828006-18C6-4F24-AD61-5350C524C093}.Release|Any CPU.ActiveCfg = Release|Any CPU
		{68828006-18C6-4F24-AD61-5350C524C093}.Release|Any CPU.Build.0 = Release|Any CPU
		{68828006-18C6-4F24-AD61-5350C524C093}.Release|x86.ActiveCfg = Release|Any CPU
		{68828006-18C6-4F24-AD61-5350C524C093}.Release|x86.Build.0 = Release|Any CPU
		{6C10F681-0C55-459B-A800-298BBEEF0139}.Debug|Any CPU.ActiveCfg = Debug|Any CPU
		{6C10F681-0C55-459B-A800-298BBEEF0139}.Debug|Any CPU.Build.0 = Debug|Any CPU
		{6C10F681-0C55-459B-A800-298BBEEF0139}.Debug|x86.ActiveCfg = Debug|Any CPU
		{6C10F681-0C55-459B-A800-298BBEEF0139}.Debug|x86.Build.0 = Debug|Any CPU
		{6C10F681-0C55-459B-A800-298BBEEF0139}.Release|Any CPU.ActiveCfg = Release|Any CPU
		{6C10F681-0C55-459B-A800-298BBEEF0139}.Release|Any CPU.Build.0 = Release|Any CPU
		{6C10F681-0C55-459B-A800-298BBEEF0139}.Release|x86.ActiveCfg = Release|Any CPU
		{6C10F681-0C55-459B-A800-298BBEEF0139}.Release|x86.Build.0 = Release|Any CPU
		{53541575-8084-4F63-A93B-595493A2C115}.Debug|Any CPU.ActiveCfg = Debug|Any CPU
		{53541575-8084-4F63-A93B-595493A2C115}.Debug|Any CPU.Build.0 = Debug|Any CPU
		{53541575-8084-4F63-A93B-595493A2C115}.Debug|x86.ActiveCfg = Debug|Any CPU
		{53541575-8084-4F63-A93B-595493A2C115}.Debug|x86.Build.0 = Debug|Any CPU
		{53541575-8084-4F63-A93B-595493A2C115}.Release|Any CPU.ActiveCfg = Release|Any CPU
		{53541575-8084-4F63-A93B-595493A2C115}.Release|Any CPU.Build.0 = Release|Any CPU
		{53541575-8084-4F63-A93B-595493A2C115}.Release|x86.ActiveCfg = Release|Any CPU
		{53541575-8084-4F63-A93B-595493A2C115}.Release|x86.Build.0 = Release|Any CPU
		{C8C2837C-F9B9-4427-B838-D7EEADA44CAF}.Debug|Any CPU.ActiveCfg = Debug
		{C8C2837C-F9B9-4427-B838-D7EEADA44CAF}.Debug|x86.ActiveCfg = Debug
		{C8C2837C-F9B9-4427-B838-D7EEADA44CAF}.Release|Any CPU.ActiveCfg = Release
		{C8C2837C-F9B9-4427-B838-D7EEADA44CAF}.Release|x86.ActiveCfg = Release
	EndGlobalSection
	GlobalSection(SolutionProperties) = preSolution
		HideSolutionNode = FALSE
	EndGlobalSection
	GlobalSection(ExtensibilityGlobals) = postSolution
		SolutionGuid = {E1EB9D2E-CD1D-4DBD-8222-010A8BEF080C}
	EndGlobalSection
EndGlobal
